
Microsoft Visual Studio Solution File, Format Version 12.00
# Visual Studio Version 17
VisualStudioVersion = 17.13.35931.197 d17.13
MinimumVisualStudioVersion = 10.0.40219.1
Project("{FAE04EC0-301F-11D3-BF4B-00C04F79EFBC}") = "PruebaFinalSantiagoConlago", "PruebaFinalSantiagoConlago\PruebaFinalSantiagoConlago.csproj", "{6DD7D6EA-721A-4EB0-B359-D1BF3B3ABF4B}"
EndProject
Global
	GlobalSection(SolutionConfigurationPlatforms) = preSolution
		Debug|Any CPU = Debug|Any CPU
		Release|Any CPU = Release|Any CPU
	EndGlobalSection
	GlobalSection(ProjectConfigurationPlatforms) = postSolution
		{6DD7D6EA-721A-4EB0-B359-D1BF3B3ABF4B}.Debug|Any CPU.ActiveCfg = Debug|Any CPU
		{6DD7D6EA-721A-4EB0-B359-D1BF3B3ABF4B}.Debug|Any CPU.Build.0 = Debug|Any CPU
		{6DD7D6EA-721A-4EB0-B359-D1BF3B3ABF4B}.Debug|Any CPU.Deploy.0 = Debug|Any CPU
		{6DD7D6EA-721A-4EB0-B359-D1BF3B3ABF4B}.Release|Any CPU.ActiveCfg = Release|Any CPU
		{6DD7D6EA-721A-4EB0-B359-D1BF3B3ABF4B}.Release|Any CPU.Build.0 = Release|Any CPU
		{6DD7D6EA-721A-4EB0-B359-D1BF3B3ABF4B}.Release|Any CPU.Deploy.0 = Release|Any CPU
	EndGlobalSection
	GlobalSection(SolutionProperties) = preSolution
		HideSolutionNode = FALSE
	EndGlobalSection
	GlobalSection(ExtensibilityGlobals) = postSolution
		SolutionGuid = {58A4A6D1-CFDB-4F37-A3A9-DA2ADCDE3998}
	EndGlobalSection
EndGlobal
